
Microsoft Visual Studio Solution File, Format Version 12.00
# Visual Studio 2012
Project("{8BC9CEB8-8B4A-11D0-8D11-00A0C91BC942}") = "sandbox", "sandbox\sandbox.vcxproj", "{9B24085E-6935-4C5D-8824-24874CE3CB98}"
EndProject
Project("{8BC9CEB8-8B4A-11D0-8D11-00A0C91BC942}") = "FCSAPI", "FCSAPI\FCSAPI.vcxproj", "{56F94176-E720-4490-9F16-8FFDA0F0C00A}"
EndProject
Project("{8BC9CEB8-8B4A-11D0-8D11-00A0C91BC942}") = "GateDrawing", "GateDrawing\GateDrawing.vcxproj", "{F51E6C27-2892-4597-AE94-1DCAFD538D20}"
EndProject
Project("{2150E333-8FDC-42A3-9474-1A3956D46DE8}") = "Applications", "Applications", "{31125197-DC52-4E73-9271-FF0AF3C5A5A8}"
EndProject
Project("{2150E333-8FDC-42A3-9474-1A3956D46DE8}") = "Libraries", "Libraries", "{CC235C28-D124-4BE5-AC7E-A9B67A2BF3FC}"
EndProject
Project("{8BC9CEB8-8B4A-11D0-8D11-00A0C91BC942}") = "CustomControls", "CustomControls\CustomControls.vcxproj", "{03D03316-6029-428D-8184-006EBDCEFE04}"
EndProject
Global
	GlobalSection(SolutionConfigurationPlatforms) = preSolution
		Debug|Win32 = Debug|Win32
		Release|Win32 = Release|Win32
	EndGlobalSection
	GlobalSection(ProjectConfigurationPlatforms) = postSolution
		{9B24085E-6935-4C5D-8824-24874CE3CB98}.Debug|Win32.ActiveCfg = Debug|Win32
		{9B24085E-6935-4C5D-8824-24874CE3CB98}.Debug|Win32.Build.0 = Debug|Win32
		{9B24085E-6935-4C5D-8824-24874CE3CB98}.Release|Win32.ActiveCfg = Release|Win32
		{9B24085E-6935-4C5D-8824-24874CE3CB98}.Release|Win32.Build.0 = Release|Win32
		{56F94176-E720-4490-9F16-8FFDA0F0C00A}.Debug|Win32.ActiveCfg = Debug|Win32
		{56F94176-E720-4490-9F16-8FFDA0F0C00A}.Debug|Win32.Build.0 = Debug|Win32
		{56F94176-E720-4490-9F16-8FFDA0F0C00A}.Release|Win32.ActiveCfg = Release|Win32
		{56F94176-E720-4490-9F16-8FFDA0F0C00A}.Release|Win32.Build.0 = Release|Win32
		{F51E6C27-2892-4597-AE94-1DCAFD538D20}.Debug|Win32.ActiveCfg = Debug|Win32
		{F51E6C27-2892-4597-AE94-1DCAFD538D20}.Debug|Win32.Build.0 = Debug|Win32
		{F51E6C27-2892-4597-AE94-1DCAFD538D20}.Release|Win32.ActiveCfg = Release|Win32
		{F51E6C27-2892-4597-AE94-1DCAFD538D20}.Release|Win32.Build.0 = Release|Win32
		{03D03316-6029-428D-8184-006EBDCEFE04}.Debug|Win32.ActiveCfg = Debug|Win32
		{03D03316-6029-428D-8184-006EBDCEFE04}.Debug|Win32.Build.0 = Debug|Win32
		{03D03316-6029-428D-8184-006EBDCEFE04}.Release|Win32.ActiveCfg = Release|Win32
		{03D03316-6029-428D-8184-006EBDCEFE04}.Release|Win32.Build.0 = Release|Win32
	EndGlobalSection
	GlobalSection(SolutionProperties) = preSolution
		HideSolutionNode = FALSE
	EndGlobalSection
	GlobalSection(NestedProjects) = preSolution
		{9B24085E-6935-4C5D-8824-24874CE3CB98} = {31125197-DC52-4E73-9271-FF0AF3C5A5A8}
		{F51E6C27-2892-4597-AE94-1DCAFD538D20} = {CC235C28-D124-4BE5-AC7E-A9B67A2BF3FC}
		{56F94176-E720-4490-9F16-8FFDA0F0C00A} = {CC235C28-D124-4BE5-AC7E-A9B67A2BF3FC}
		{03D03316-6029-428D-8184-006EBDCEFE04} = {CC235C28-D124-4BE5-AC7E-A9B67A2BF3FC}
	EndGlobalSection
EndGlobal
